{
  "name": "gp",
  "version": "1.0.0",
  "lockfileVersion": 1,
  "requires": true,
  "dependencies": {
    "deep-object-diff": {
      "version": "1.0.4",
      "resolved": "https://registry.npmjs.org/deep-object-diff/-/deep-object-diff-1.0.4.tgz",
      "integrity": "sha1-7kyTtKnaKWKlaJZMk1oZiaQW+cQ="
    }
  }
}
